
Microsoft Visual Studio Solution File, Format Version 12.00
# Visual Studio Version 17
VisualStudioVersion = 17.8.34525.116
MinimumVisualStudioVersion = 10.0.40219.1
Project("{FAE04EC0-301F-11D3-BF4B-00C04F79EFBC}") = "WindowsFormsApp1", "WindowsFormsApp1\WindowsFormsApp1.csproj", "{DC56ADF0-C649-4766-9B76-0E58BAE1351A}"
EndProject
Global
	GlobalSection(SolutionConfigurationPlatforms) = preSolution
		Debug|Any CPU = Debug|Any CPU
		Release|Any CPU = Release|Any CPU
	EndGlobalSection
	GlobalSection(ProjectConfigurationPlatforms) = postSolution
		{DC56ADF0-C649-4766-9B76-0E58BAE1351A}.Debug|Any CPU.ActiveCfg = Debug|Any CPU
		{DC56ADF0-C649-4766-9B76-0E58BAE1351A}.Debug|Any CPU.Build.0 = Debug|Any CPU
		{DC56ADF0-C649-4766-9B76-0E58BAE1351A}.Release|Any CPU.ActiveCfg = Release|Any CPU
		{DC56ADF0-C649-4766-9B76-0E58BAE1351A}.Release|Any CPU.Build.0 = Release|Any CPU
	EndGlobalSection
	GlobalSection(SolutionProperties) = preSolution
		HideSolutionNode = FALSE
	EndGlobalSection
	GlobalSection(ExtensibilityGlobals) = postSolution
		SolutionGuid = {BA570755-FAA2-434B-A11D-6085BBFCB1B0}
	EndGlobalSection
EndGlobal
